
Microsoft Visual Studio Solution File, Format Version 12.00
# Visual Studio Version 17
VisualStudioVersion = 17.11.35222.181
MinimumVisualStudioVersion = 10.0.40219.1
Project("{FAE04EC0-301F-11D3-BF4B-00C04F79EFBC}") = "TestPR4PITPM", "TestPR4PITPM\TestPR4PITPM.csproj", "{658280ED-03C2-411E-85CD-367F30F4BEB9}"
EndProject
Project("{FAE04EC0-301F-11D3-BF4B-00C04F79EFBC}") = "TestLib", "TestLib\TestLib.csproj", "{342413BA-95EB-45AD-9AA2-C59FC6EAC2A7}"
EndProject
Project("{FAE04EC0-301F-11D3-BF4B-00C04F79EFBC}") = "TestMsTest", "TestMsTest\TestMsTest.csproj", "{664FB7BE-8CB7-4FF6-8E21-2A560FBB5F03}"
EndProject
Global
	GlobalSection(SolutionConfigurationPlatforms) = preSolution
		Debug|Any CPU = Debug|Any CPU
		Release|Any CPU = Release|Any CPU
	EndGlobalSection
	GlobalSection(ProjectConfigurationPlatforms) = postSolution
		{658280ED-03C2-411E-85CD-367F30F4BEB9}.Debug|Any CPU.ActiveCfg = Release|Any CPU
		{658280ED-03C2-411E-85CD-367F30F4BEB9}.Debug|Any CPU.Build.0 = Release|Any CPU
		{658280ED-03C2-411E-85CD-367F30F4BEB9}.Release|Any CPU.ActiveCfg = Release|Any CPU
		{658280ED-03C2-411E-85CD-367F30F4BEB9}.Release|Any CPU.Build.0 = Release|Any CPU
		{342413BA-95EB-45AD-9AA2-C59FC6EAC2A7}.Debug|Any CPU.ActiveCfg = Release|Any CPU
		{342413BA-95EB-45AD-9AA2-C59FC6EAC2A7}.Debug|Any CPU.Build.0 = Release|Any CPU
		{342413BA-95EB-45AD-9AA2-C59FC6EAC2A7}.Release|Any CPU.ActiveCfg = Release|Any CPU
		{342413BA-95EB-45AD-9AA2-C59FC6EAC2A7}.Release|Any CPU.Build.0 = Release|Any CPU
		{664FB7BE-8CB7-4FF6-8E21-2A560FBB5F03}.Debug|Any CPU.ActiveCfg = Release|Any CPU
		{664FB7BE-8CB7-4FF6-8E21-2A560FBB5F03}.Debug|Any CPU.Build.0 = Release|Any CPU
		{664FB7BE-8CB7-4FF6-8E21-2A560FBB5F03}.Release|Any CPU.ActiveCfg = Release|Any CPU
		{664FB7BE-8CB7-4FF6-8E21-2A560FBB5F03}.Release|Any CPU.Build.0 = Release|Any CPU
	EndGlobalSection
	GlobalSection(SolutionProperties) = preSolution
		HideSolutionNode = FALSE
	EndGlobalSection
	GlobalSection(ExtensibilityGlobals) = postSolution
		SolutionGuid = {D08C78C4-47B3-4E7B-9A47-436090207A37}
	EndGlobalSection
EndGlobal
